
Microsoft Visual Studio Solution File, Format Version 12.00
# Visual Studio Version 17
VisualStudioVersion = 17.5.33530.505
MinimumVisualStudioVersion = 10.0.40219.1
Project("{2150E333-8FDC-42A3-9474-1A3956D46DE8}") = "Solution Items", "Solution Items", "{20928B7D-CC67-429A-B42D-53F23332BE7D}"
	ProjectSection(SolutionItems) = preProject
		.editorconfig = .editorconfig
		generate_coverage_report.ps1 = generate_coverage_report.ps1
		generate_coverage_report.sh = generate_coverage_report.sh
		sonar-project.properties = sonar-project.properties
	EndProjectSection
EndProject
Project("{9A19103F-16F7-4668-BE54-9A1E7A4F7556}") = "Migrations.MySqlServer", "Migrations.MySqlServer\Migrations.MySqlServer.csproj", "{5C6FAE48-3C97-40F4-857A-6EA1A2FAEC2A}"
EndProject
Project("{9A19103F-16F7-4668-BE54-9A1E7A4F7556}") = "Migrations.MsSqlServer", "Migrations.MsSqlServer\Migrations.MsSqlServer.csproj", "{713218DB-69D1-478F-9283-CA5F444E15EF}"
EndProject
Project("{9A19103F-16F7-4668-BE54-9A1E7A4F7556}") = "XUnit.Tests", "XunitTests\XUnit.Tests.csproj", "{B8D56F3F-4C55-4268-A1DE-66132D51C9A8}"
EndProject
Project("{E53339B2-1760-4266-BCC7-CA923CBCF16C}") = "docker-compose", "docker-compose.dcproj", "{7900F85A-9B75-409E-96B7-6FB47F630975}"
EndProject
Project("{9A19103F-16F7-4668-BE54-9A1E7A4F7556}") = "Despesas.Domain", "Despesas.Domain\Despesas.Domain.csproj", "{E779D677-F5BC-4C4E-B7FE-5E6FB1A44B46}"
EndProject
Project("{9A19103F-16F7-4668-BE54-9A1E7A4F7556}") = "Despesas.Repository", "Despesas.Repository\Despesas.Repository.csproj", "{BC13045A-B84D-4835-88AF-6575E461907C}"
EndProject
Project("{9A19103F-16F7-4668-BE54-9A1E7A4F7556}") = "Despesas.Infrastructure", "Despesas.Infrastructure\Despesas.Infrastructure.csproj", "{14579B8B-FF8E-4067-A26E-831449278F1B}"
EndProject
Project("{9A19103F-16F7-4668-BE54-9A1E7A4F7556}") = "Despesas.Business", "Despesas.Business\Despesas.Business.csproj", "{9E2DAAAA-2935-46AC-A700-1D1F45B6DC28}"
EndProject
Project("{9A19103F-16F7-4668-BE54-9A1E7A4F7556}") = "Despesas.CrossCutting", "Despesas.CrossCutting\Despesas.CrossCutting.csproj", "{1F622CCE-8CFD-46BD-8567-6759876D9C80}"
EndProject
Project("{9A19103F-16F7-4668-BE54-9A1E7A4F7556}") = "Despesas.DataSeeders", "Despesas.DataSeeders\Despesas.DataSeeders.csproj", "{D3FA75EC-6F30-4714-A2A5-60BB6F7331C1}"
EndProject
Project("{9A19103F-16F7-4668-BE54-9A1E7A4F7556}") = "Despesas.WebApi", "Despesas.WebApi\Despesas.WebApi.csproj", "{476D084C-453E-40DB-A0BF-62290E77608D}"
EndProject
Project("{54A90642-561A-4BB1-A94E-469ADEE60C69}") = "AngularApp", "AngularApp\AngularApp.esproj", "{C6990D80-3FAD-4AAF-9C4D-CE6AFF2433B3}"
EndProject
Global
	GlobalSection(SolutionConfigurationPlatforms) = preSolution
		Debug|Any CPU = Debug|Any CPU
		Release|Any CPU = Release|Any CPU
	EndGlobalSection
	GlobalSection(ProjectConfigurationPlatforms) = postSolution
		{5C6FAE48-3C97-40F4-857A-6EA1A2FAEC2A}.Debug|Any CPU.ActiveCfg = Debug|Any CPU
		{5C6FAE48-3C97-40F4-857A-6EA1A2FAEC2A}.Debug|Any CPU.Build.0 = Debug|Any CPU
		{5C6FAE48-3C97-40F4-857A-6EA1A2FAEC2A}.Release|Any CPU.ActiveCfg = Release|Any CPU
		{5C6FAE48-3C97-40F4-857A-6EA1A2FAEC2A}.Release|Any CPU.Build.0 = Release|Any CPU
		{713218DB-69D1-478F-9283-CA5F444E15EF}.Debug|Any CPU.ActiveCfg = Debug|Any CPU
		{713218DB-69D1-478F-9283-CA5F444E15EF}.Debug|Any CPU.Build.0 = Debug|Any CPU
		{713218DB-69D1-478F-9283-CA5F444E15EF}.Release|Any CPU.ActiveCfg = Release|Any CPU
		{713218DB-69D1-478F-9283-CA5F444E15EF}.Release|Any CPU.Build.0 = Release|Any CPU
		{B8D56F3F-4C55-4268-A1DE-66132D51C9A8}.Debug|Any CPU.ActiveCfg = Debug|Any CPU
		{B8D56F3F-4C55-4268-A1DE-66132D51C9A8}.Debug|Any CPU.Build.0 = Debug|Any CPU
		{B8D56F3F-4C55-4268-A1DE-66132D51C9A8}.Release|Any CPU.ActiveCfg = Release|Any CPU
		{B8D56F3F-4C55-4268-A1DE-66132D51C9A8}.Release|Any CPU.Build.0 = Release|Any CPU
		{7900F85A-9B75-409E-96B7-6FB47F630975}.Debug|Any CPU.ActiveCfg = Debug|Any CPU
		{7900F85A-9B75-409E-96B7-6FB47F630975}.Release|Any CPU.ActiveCfg = Release|Any CPU
		{7900F85A-9B75-409E-96B7-6FB47F630975}.Release|Any CPU.Build.0 = Release|Any CPU
		{E779D677-F5BC-4C4E-B7FE-5E6FB1A44B46}.Debug|Any CPU.ActiveCfg = Debug|Any CPU
		{E779D677-F5BC-4C4E-B7FE-5E6FB1A44B46}.Debug|Any CPU.Build.0 = Debug|Any CPU
		{E779D677-F5BC-4C4E-B7FE-5E6FB1A44B46}.Release|Any CPU.ActiveCfg = Release|Any CPU
		{E779D677-F5BC-4C4E-B7FE-5E6FB1A44B46}.Release|Any CPU.Build.0 = Release|Any CPU
		{BC13045A-B84D-4835-88AF-6575E461907C}.Debug|Any CPU.ActiveCfg = Debug|Any CPU
		{BC13045A-B84D-4835-88AF-6575E461907C}.Debug|Any CPU.Build.0 = Debug|Any CPU
		{BC13045A-B84D-4835-88AF-6575E461907C}.Release|Any CPU.ActiveCfg = Release|Any CPU
		{BC13045A-B84D-4835-88AF-6575E461907C}.Release|Any CPU.Build.0 = Release|Any CPU
		{14579B8B-FF8E-4067-A26E-831449278F1B}.Debug|Any CPU.ActiveCfg = Debug|Any CPU
		{14579B8B-FF8E-4067-A26E-831449278F1B}.Debug|Any CPU.Build.0 = Debug|Any CPU
		{14579B8B-FF8E-4067-A26E-831449278F1B}.Release|Any CPU.ActiveCfg = Release|Any CPU
		{14579B8B-FF8E-4067-A26E-831449278F1B}.Release|Any CPU.Build.0 = Release|Any CPU
		{9E2DAAAA-2935-46AC-A700-1D1F45B6DC28}.Debug|Any CPU.ActiveCfg = Debug|Any CPU
		{9E2DAAAA-2935-46AC-A700-1D1F45B6DC28}.Debug|Any CPU.Build.0 = Debug|Any CPU
		{9E2DAAAA-2935-46AC-A700-1D1F45B6DC28}.Release|Any CPU.ActiveCfg = Release|Any CPU
		{9E2DAAAA-2935-46AC-A700-1D1F45B6DC28}.Release|Any CPU.Build.0 = Release|Any CPU
		{1F622CCE-8CFD-46BD-8567-6759876D9C80}.Debug|Any CPU.ActiveCfg = Debug|Any CPU
		{1F622CCE-8CFD-46BD-8567-6759876D9C80}.Debug|Any CPU.Build.0 = Debug|Any CPU
		{1F622CCE-8CFD-46BD-8567-6759876D9C80}.Release|Any CPU.ActiveCfg = Release|Any CPU
		{1F622CCE-8CFD-46BD-8567-6759876D9C80}.Release|Any CPU.Build.0 = Release|Any CPU
		{D3FA75EC-6F30-4714-A2A5-60BB6F7331C1}.Debug|Any CPU.ActiveCfg = Debug|Any CPU
		{D3FA75EC-6F30-4714-A2A5-60BB6F7331C1}.Debug|Any CPU.Build.0 = Debug|Any CPU
		{D3FA75EC-6F30-4714-A2A5-60BB6F7331C1}.Release|Any CPU.ActiveCfg = Release|Any CPU
		{D3FA75EC-6F30-4714-A2A5-60BB6F7331C1}.Release|Any CPU.Build.0 = Release|Any CPU
		{476D084C-453E-40DB-A0BF-62290E77608D}.Debug|Any CPU.ActiveCfg = Debug|Any CPU
		{476D084C-453E-40DB-A0BF-62290E77608D}.Debug|Any CPU.Build.0 = Debug|Any CPU
		{476D084C-453E-40DB-A0BF-62290E77608D}.Release|Any CPU.ActiveCfg = Release|Any CPU
		{476D084C-453E-40DB-A0BF-62290E77608D}.Release|Any CPU.Build.0 = Release|Any CPU
		{C6990D80-3FAD-4AAF-9C4D-CE6AFF2433B3}.Debug|Any CPU.ActiveCfg = Debug|Any CPU
		{C6990D80-3FAD-4AAF-9C4D-CE6AFF2433B3}.Debug|Any CPU.Build.0 = Debug|Any CPU
		{C6990D80-3FAD-4AAF-9C4D-CE6AFF2433B3}.Debug|Any CPU.Deploy.0 = Debug|Any CPU
		{C6990D80-3FAD-4AAF-9C4D-CE6AFF2433B3}.Release|Any CPU.ActiveCfg = Release|Any CPU
		{C6990D80-3FAD-4AAF-9C4D-CE6AFF2433B3}.Release|Any CPU.Build.0 = Release|Any CPU
		{C6990D80-3FAD-4AAF-9C4D-CE6AFF2433B3}.Release|Any CPU.Deploy.0 = Release|Any CPU
	EndGlobalSection
	GlobalSection(SolutionProperties) = preSolution
		HideSolutionNode = FALSE
	EndGlobalSection
	GlobalSection(ExtensibilityGlobals) = postSolution
		SolutionGuid = {CF1CF186-E8D2-42A7-8FB5-B4E3E41124A8}
	EndGlobalSection
EndGlobal
