
Microsoft Visual Studio Solution File, Format Version 12.00
# Visual Studio Version 17
VisualStudioVersion = 17.5.33530.505
MinimumVisualStudioVersion = 10.0.40219.1
Project("{9A19103F-16F7-4668-BE54-9A1E7A4F7556}") = "despesas-backend-api-net-core", "despesas-backend-api-net-core\despesas-backend-api-net-core.csproj", "{AB4B2C65-5328-4CB0-AF4C-CA573F42FB65}"
EndProject
Project("{9A19103F-16F7-4668-BE54-9A1E7A4F7556}") = "XUnit.Tests", "despesas-backend-api-net-core.XUnit\XUnit.Tests.csproj", "{16F1AE8A-654A-4718-84E6-1F485F68AA95}"
EndProject
Project("{2150E333-8FDC-42A3-9474-1A3956D46DE8}") = "Solution Items", "Solution Items", "{20928B7D-CC67-429A-B42D-53F23332BE7D}"
	ProjectSection(SolutionItems) = preProject
		generate_coverage_report.ps1 = generate_coverage_report.ps1
		generate_coverage_report.sh = generate_coverage_report.sh
	EndProjectSection
EndProject
Project("{9A19103F-16F7-4668-BE54-9A1E7A4F7556}") = "Business", "Business\Business.csproj", "{B829314F-54E7-433B-A1E0-4829B1855C91}"
EndProject
Project("{9A19103F-16F7-4668-BE54-9A1E7A4F7556}") = "Repository", "Repository\Repository.csproj", "{C20D1706-8832-443E-BCC4-6CDEF0CE1042}"
EndProject
Project("{9A19103F-16F7-4668-BE54-9A1E7A4F7556}") = "Domain", "Domain\Domain.csproj", "{3FFD99EF-747C-4076-B714-0DC805313510}"
EndProject
Project("{9A19103F-16F7-4668-BE54-9A1E7A4F7556}") = "DataSeeders", "DataSeeders\DataSeeders.csproj", "{623EA096-87D0-4F7C-A0AD-CEB7B9283207}"
EndProject
Project("{9A19103F-16F7-4668-BE54-9A1E7A4F7556}") = "CrossCutting", "CrossCutting\CrossCutting.csproj", "{5293BAFB-F63D-400D-946E-E83B27FFBB5D}"
EndProject
Project("{E53339B2-1760-4266-BCC7-CA923CBCF16C}") = "docker-compose", "docker-compose.dcproj", "{7900F85A-9B75-409E-96B7-6FB47F630975}"
EndProject
Project("{9A19103F-16F7-4668-BE54-9A1E7A4F7556}") = "Migrations.MsSqlServer", "Migrations.MsSqlServer\Migrations.MsSqlServer.csproj", "{FCB6C601-A169-464C-BC8D-B46787C6DD3E}"
EndProject
Project("{9A19103F-16F7-4668-BE54-9A1E7A4F7556}") = "Migrations.MySqlServer", "Migrations.MySqlServer\Migrations.MySqlServer.csproj", "{AF839B17-DBEB-4057-B9E6-869C688D0EF2}"
EndProject
Global
	GlobalSection(SolutionConfigurationPlatforms) = preSolution
		Debug|Any CPU = Debug|Any CPU
		Release|Any CPU = Release|Any CPU
	EndGlobalSection
	GlobalSection(ProjectConfigurationPlatforms) = postSolution
		{AB4B2C65-5328-4CB0-AF4C-CA573F42FB65}.Debug|Any CPU.ActiveCfg = Release|Any CPU
		{AB4B2C65-5328-4CB0-AF4C-CA573F42FB65}.Debug|Any CPU.Build.0 = Release|Any CPU
		{AB4B2C65-5328-4CB0-AF4C-CA573F42FB65}.Release|Any CPU.ActiveCfg = Release|Any CPU
		{AB4B2C65-5328-4CB0-AF4C-CA573F42FB65}.Release|Any CPU.Build.0 = Release|Any CPU
		{16F1AE8A-654A-4718-84E6-1F485F68AA95}.Debug|Any CPU.ActiveCfg = Debug|Any CPU
		{16F1AE8A-654A-4718-84E6-1F485F68AA95}.Release|Any CPU.ActiveCfg = Release|Any CPU
		{16F1AE8A-654A-4718-84E6-1F485F68AA95}.Release|Any CPU.Build.0 = Release|Any CPU
		{B829314F-54E7-433B-A1E0-4829B1855C91}.Debug|Any CPU.ActiveCfg = Debug|Any CPU
		{B829314F-54E7-433B-A1E0-4829B1855C91}.Debug|Any CPU.Build.0 = Debug|Any CPU
		{B829314F-54E7-433B-A1E0-4829B1855C91}.Release|Any CPU.ActiveCfg = Release|Any CPU
		{B829314F-54E7-433B-A1E0-4829B1855C91}.Release|Any CPU.Build.0 = Release|Any CPU
		{C20D1706-8832-443E-BCC4-6CDEF0CE1042}.Debug|Any CPU.ActiveCfg = Debug|Any CPU
		{C20D1706-8832-443E-BCC4-6CDEF0CE1042}.Debug|Any CPU.Build.0 = Debug|Any CPU
		{C20D1706-8832-443E-BCC4-6CDEF0CE1042}.Release|Any CPU.ActiveCfg = Release|Any CPU
		{C20D1706-8832-443E-BCC4-6CDEF0CE1042}.Release|Any CPU.Build.0 = Release|Any CPU
		{3FFD99EF-747C-4076-B714-0DC805313510}.Debug|Any CPU.ActiveCfg = Debug|Any CPU
		{3FFD99EF-747C-4076-B714-0DC805313510}.Debug|Any CPU.Build.0 = Debug|Any CPU
		{3FFD99EF-747C-4076-B714-0DC805313510}.Release|Any CPU.ActiveCfg = Release|Any CPU
		{3FFD99EF-747C-4076-B714-0DC805313510}.Release|Any CPU.Build.0 = Release|Any CPU
		{623EA096-87D0-4F7C-A0AD-CEB7B9283207}.Debug|Any CPU.ActiveCfg = Debug|Any CPU
		{623EA096-87D0-4F7C-A0AD-CEB7B9283207}.Debug|Any CPU.Build.0 = Debug|Any CPU
		{623EA096-87D0-4F7C-A0AD-CEB7B9283207}.Release|Any CPU.ActiveCfg = Release|Any CPU
		{623EA096-87D0-4F7C-A0AD-CEB7B9283207}.Release|Any CPU.Build.0 = Release|Any CPU
		{5293BAFB-F63D-400D-946E-E83B27FFBB5D}.Debug|Any CPU.ActiveCfg = Debug|Any CPU
		{5293BAFB-F63D-400D-946E-E83B27FFBB5D}.Debug|Any CPU.Build.0 = Debug|Any CPU
		{5293BAFB-F63D-400D-946E-E83B27FFBB5D}.Release|Any CPU.ActiveCfg = Release|Any CPU
		{5293BAFB-F63D-400D-946E-E83B27FFBB5D}.Release|Any CPU.Build.0 = Release|Any CPU
		{7900F85A-9B75-409E-96B7-6FB47F630975}.Debug|Any CPU.ActiveCfg = Debug|Any CPU
		{7900F85A-9B75-409E-96B7-6FB47F630975}.Release|Any CPU.ActiveCfg = Release|Any CPU
		{7900F85A-9B75-409E-96B7-6FB47F630975}.Release|Any CPU.Build.0 = Release|Any CPU
		{FCB6C601-A169-464C-BC8D-B46787C6DD3E}.Debug|Any CPU.ActiveCfg = Debug|Any CPU
		{FCB6C601-A169-464C-BC8D-B46787C6DD3E}.Debug|Any CPU.Build.0 = Debug|Any CPU
		{FCB6C601-A169-464C-BC8D-B46787C6DD3E}.Release|Any CPU.ActiveCfg = Release|Any CPU
		{FCB6C601-A169-464C-BC8D-B46787C6DD3E}.Release|Any CPU.Build.0 = Release|Any CPU
		{AF839B17-DBEB-4057-B9E6-869C688D0EF2}.Debug|Any CPU.ActiveCfg = Debug|Any CPU
		{AF839B17-DBEB-4057-B9E6-869C688D0EF2}.Debug|Any CPU.Build.0 = Debug|Any CPU
		{AF839B17-DBEB-4057-B9E6-869C688D0EF2}.Release|Any CPU.ActiveCfg = Release|Any CPU
		{AF839B17-DBEB-4057-B9E6-869C688D0EF2}.Release|Any CPU.Build.0 = Release|Any CPU
	EndGlobalSection
	GlobalSection(SolutionProperties) = preSolution
		HideSolutionNode = FALSE
	EndGlobalSection
	GlobalSection(ExtensibilityGlobals) = postSolution
		SolutionGuid = {CF1CF186-E8D2-42A7-8FB5-B4E3E41124A8}
	EndGlobalSection
EndGlobal
