
Microsoft Visual Studio Solution File, Format Version 12.00
# Visual Studio Version 17
VisualStudioVersion = 17.5.002.0
MinimumVisualStudioVersion = 10.0.40219.1
Project("{9A19103F-16F7-4668-BE54-9A1E7A4F7556}") = "despesas-backend-api-net-core", "despesas-backend-api-net-core.csproj", "{F11B9975-73F7-4905-B0CD-E9B173E0CC6B}"
EndProject
Global
	GlobalSection(SolutionConfigurationPlatforms) = preSolution
		Debug|Any CPU = Debug|Any CPU
		Release|Any CPU = Release|Any CPU
	EndGlobalSection
	GlobalSection(ProjectConfigurationPlatforms) = postSolution
		{F11B9975-73F7-4905-B0CD-E9B173E0CC6B}.Debug|Any CPU.ActiveCfg = Debug|Any CPU
		{F11B9975-73F7-4905-B0CD-E9B173E0CC6B}.Debug|Any CPU.Build.0 = Debug|Any CPU
		{F11B9975-73F7-4905-B0CD-E9B173E0CC6B}.Release|Any CPU.ActiveCfg = Release|Any CPU
		{F11B9975-73F7-4905-B0CD-E9B173E0CC6B}.Release|Any CPU.Build.0 = Release|Any CPU
	EndGlobalSection
	GlobalSection(SolutionProperties) = preSolution
		HideSolutionNode = FALSE
	EndGlobalSection
	GlobalSection(ExtensibilityGlobals) = postSolution
		SolutionGuid = {59A9DBC0-FFAB-4B03-8B87-6F6086F8B66C}
	EndGlobalSection
EndGlobal
